
Microsoft Visual Studio Solution File, Format Version 12.00
# Visual Studio 15
VisualStudioVersion = 15.0.28307.271
MinimumVisualStudioVersion = 10.0.40219.1
Project("{FAE04EC0-301F-11D3-BF4B-00C04F79EFBC}") = "Assignment2_Roonechr_Prog37721", "Assignment2_Roonechr_Prog37721\Assignment2_Roonechr_Prog37721.csproj", "{16329E1C-AD39-4DDF-8877-5A215FFED045}"
EndProject
Global
	GlobalSection(SolutionConfigurationPlatforms) = preSolution
		Debug|Any CPU = Debug|Any CPU
		Release|Any CPU = Release|Any CPU
	EndGlobalSection
	GlobalSection(ProjectConfigurationPlatforms) = postSolution
		{16329E1C-AD39-4DDF-8877-5A215FFED045}.Debug|Any CPU.ActiveCfg = Debug|Any CPU
		{16329E1C-AD39-4DDF-8877-5A215FFED045}.Debug|Any CPU.Build.0 = Debug|Any CPU
		{16329E1C-AD39-4DDF-8877-5A215FFED045}.Release|Any CPU.ActiveCfg = Release|Any CPU
		{16329E1C-AD39-4DDF-8877-5A215FFED045}.Release|Any CPU.Build.0 = Release|Any CPU
	EndGlobalSection
	GlobalSection(SolutionProperties) = preSolution
		HideSolutionNode = FALSE
	EndGlobalSection
	GlobalSection(ExtensibilityGlobals) = postSolution
		SolutionGuid = {524D5611-9C34-4919-A4DE-7A58AD41A9B9}
	EndGlobalSection
EndGlobal
